<?xml version="1.0" encoding="utf-8"?>
<Project ToolsVersion="4.0" xmlns="http://schemas.microsoft.com/developer/msbuild/2003">
  <ItemGroup>
    <Filter Include="Forms">
      <UniqueIdentifier>{e6bae2d1-664b-432e-b8f7-2fb223cd0e0e}</UniqueIdentifier>
    </Filter>
    <Filter Include="Models">
      <UniqueIdentifier>{d2f106ed-0b36-4f44-9146-93771efc5fd4}</UniqueIdentifier>
    </Filter>
    <Filter Include="Algorithms">
      <UniqueIdentifier>{757c8834-bba1-49d0-8785-57aa15083f7b}</UniqueIdentifier>
    </Filter>
    <Filter Include="Services">
      <UniqueIdentifier>{90909b29-3071-4d2f-8529-234a2ae117cb}</UniqueIdentifier>
    </Filter>
    <Filter Include="Resources">
      <UniqueIdentifier>{45ce164a-df0a-44a3-882f-225ec483d67e}</UniqueIdentifier>
    </Filter>
    <Filter Include="Source Files">
      <UniqueIdentifier>{91814d88-56ea-4cd3-8357-42d6964f8daf}</UniqueIdentifier>
    </Filter>
  </ItemGroup>
  <ItemGroup>
    <ClCompile Include="Forms\MainForm.cpp">
      <Filter>Forms</Filter>
    </ClCompile>
    <ClCompile Include="main.cpp">
      <Filter>Source Files</Filter>
    </ClCompile>
  </ItemGroup>
  <ItemGroup>
    <ClInclude Include="Forms\MainForm.h">
      <Filter>Forms</Filter>
    </ClInclude>
  </ItemGroup>
</Project>