<?xml version="1.0" encoding="utf-8"?>
<Project ToolsVersion="4.0" xmlns="http://schemas.microsoft.com/developer/msbuild/2003">
  <ItemGroup>
    <Filter Include="Forms">
      <UniqueIdentifier>{e6bae2d1-664b-432e-b8f7-2fb223cd0e0e}</UniqueIdentifier>
    </Filter>
    <Filter Include="Models">
      <UniqueIdentifier>{d2f106ed-0b36-4f44-9146-93771efc5fd4}</UniqueIdentifier>
    </Filter>
    <Filter Include="Algorithms">
      <UniqueIdentifier>{757c8834-bba1-49d0-8785-57aa15083f7b}</UniqueIdentifier>
    </Filter>
    <Filter Include="Services">
      <UniqueIdentifier>{90909b29-3071-4d2f-8529-234a2ae117cb}</UniqueIdentifier>
    </Filter>
    <Filter Include="Tests">
      <UniqueIdentifier>{d21ee5c7-1b13-47e0-9f82-45e4bd852d36}</UniqueIdentifier>
    </Filter>
    <Filter Include="Resources">
      <UniqueIdentifier>{45ce164a-df0a-44a3-882f-225ec483d67e}</UniqueIdentifier>
    </Filter>
    <Filter Include="Source Files">
      <UniqueIdentifier>{91814d88-56ea-4cd3-8357-42d6964f8daf}</UniqueIdentifier>
    </Filter>
    <Filter Include="Tests\Architecture">
      <UniqueIdentifier>{e226c9ec-f44f-43ed-a9d3-4fccaae5b18e}</UniqueIdentifier>
    </Filter>
  </ItemGroup>
  <ItemGroup>
    <ClCompile Include="..\tests\TestForm.cpp">
      <Filter>Tests</Filter>
    </ClCompile>
    <ClCompile Include="Algorithms\DiagnosticoHamiltoniano.cpp">
      <Filter>Algorithms</Filter>
    </ClCompile>
    <ClCompile Include="Algorithms\RutasCanonicas.cpp">
      <Filter>Algorithms</Filter>
    </ClCompile>
    <ClCompile Include="Algorithms\SolucionadorTSP.cpp">
      <Filter>Algorithms</Filter>
    </ClCompile>
    <ClCompile Include="Forms\MainForm.cpp">
      <Filter>Forms</Filter>
    </ClCompile>
    <ClCompile Include="Models\Grafo.cpp">
      <Filter>Models</Filter>
    </ClCompile>
    <ClCompile Include="main.cpp">
      <Filter>Source Files</Filter>
    </ClCompile>
  </ItemGroup>
  <ItemGroup>
    <ClInclude Include="..\tests\TestForm.h">
      <Filter>Tests</Filter>
    </ClInclude>
    <ClInclude Include="Algorithms\DiagnosticoHamiltoniano.h">
      <Filter>Algorithms</Filter>
    </ClInclude>
    <ClInclude Include="Algorithms\RutasCanonicas.h">
      <Filter>Algorithms</Filter>
    </ClInclude>
    <ClInclude Include="Algorithms\SolucionadorTSP.h">
      <Filter>Algorithms</Filter>
    </ClInclude>
    <ClInclude Include="Forms\MainForm.h">
      <Filter>Forms</Filter>
    </ClInclude>
    <ClInclude Include="Models\Grafo.h">
      <Filter>Models</Filter>
    </ClInclude>
    <ClInclude Include="Models\TiposGrafo.h">
      <Filter>Models</Filter>
    </ClInclude>
    <ClInclude Include="Models\TiposDiagnostico.h">
      <Filter>Models</Filter>
    </ClInclude>
    <ClInclude Include="Models\TiposPasosTSP.h">
      <Filter>Models</Filter>
    </ClInclude>
    <ClInclude Include="Models\TiposTSP.h">
      <Filter>Models</Filter>
    </ClInclude>
  </ItemGroup>
  <ItemGroup>
    <EmbeddedResource Include="..\tests\TestForm.resx">
      <Filter>Tests</Filter>
    </EmbeddedResource>
    <None Include="..\.gitignore" />
    <None Include="..\README.md" />
    <EmbeddedResource Include="..\tests\TestForm.resx">
      <Filter>Tests</Filter>
    </EmbeddedResource>
    <EmbeddedResource Include="..\tests\TestForm.resx">
      <Filter>Tests</Filter>
    </EmbeddedResource>
    <EmbeddedResource Include="..\tests\TestForm.resx">
      <Filter>Tests</Filter>
    </EmbeddedResource>
  </ItemGroup>
  <ItemGroup>
    <Image Include="Resources\upc_icon.png">
      <Filter>Resources</Filter>
    </Image>
    <Image Include="..\docs\arquitectura-actual\diagramas\01_componentes.png">
      <Filter>Tests\Architecture</Filter>
    </Image>
    <Image Include="..\docs\arquitectura-actual\diagramas\02_uml_nucleo.png">
      <Filter>Tests\Architecture</Filter>
    </Image>
    <Image Include="..\docs\arquitectura-actual\diagramas\03_secuencia_grafo.png">
      <Filter>Tests\Architecture</Filter>
    </Image>
    <Image Include="..\docs\arquitectura-actual\diagramas\08_secuencia_ejecutar_todas.png">
      <Filter>Tests\Architecture</Filter>
    </Image>
    <Image Include="..\docs\arquitectura-actual\diagramas\07_secuencia_traza.png">
      <Filter>Tests\Architecture</Filter>
    </Image>
    <Image Include="..\docs\arquitectura-actual\diagramas\06_secuencia_diagnostico.png">
      <Filter>Tests\Architecture</Filter>
    </Image>
    <Image Include="..\docs\arquitectura-actual\diagramas\05_secuencia_solve.png">
      <Filter>Tests\Architecture</Filter>
    </Image>
    <Image Include="..\docs\arquitectura-actual\diagramas\04_secuencia_rutas.png">
      <Filter>Tests\Architecture</Filter>
    </Image>
  </ItemGroup>
  <ItemGroup>
    <None Include="..\AGENTS.md" />
    <None Include="..\docs\arquitectura-actual\diagramas\01_componentes.dot">
      <Filter>Tests\Architecture</Filter>
    </None>
    <None Include="..\docs\arquitectura-actual\diagramas\02_uml_nucleo.dot">
      <Filter>Tests\Architecture</Filter>
    </None>
    <None Include="..\docs\arquitectura-actual\diagramas\01_componentes.svg">
      <Filter>Tests\Architecture</Filter>
    </None>
    <None Include="..\docs\arquitectura-actual\diagramas\03_secuencia_grafo.dot">
      <Filter>Tests\Architecture</Filter>
    </None>
    <None Include="..\docs\arquitectura-actual\diagramas\02_uml_nucleo.svg">
      <Filter>Tests\Architecture</Filter>
    </None>
    <None Include="..\docs\arquitectura-actual\diagramas\03_secuencia_grafo.svg">
      <Filter>Tests\Architecture</Filter>
    </None>
    <None Include="..\docs\arquitectura-actual\diagramas\08_secuencia_ejecutar_todas.svg">
      <Filter>Tests\Architecture</Filter>
    </None>
    <None Include="..\docs\arquitectura-actual\diagramas\08_secuencia_ejecutar_todas.dot">
      <Filter>Tests\Architecture</Filter>
    </None>
    <None Include="..\docs\arquitectura-actual\diagramas\07_secuencia_traza.svg">
      <Filter>Tests\Architecture</Filter>
    </None>
    <None Include="..\docs\arquitectura-actual\diagramas\06_secuencia_diagnostico.svg">
      <Filter>Tests\Architecture</Filter>
    </None>
    <None Include="..\docs\arquitectura-actual\diagramas\06_secuencia_diagnostico.dot">
      <Filter>Tests\Architecture</Filter>
    </None>
    <None Include="..\docs\arquitectura-actual\diagramas\07_secuencia_traza.dot">
      <Filter>Tests\Architecture</Filter>
    </None>
    <None Include="..\docs\arquitectura-actual\diagramas\05_secuencia_solve.dot">
      <Filter>Tests\Architecture</Filter>
    </None>
    <None Include="..\docs\arquitectura-actual\diagramas\04_secuencia_rutas.dot">
      <Filter>Tests\Architecture</Filter>
    </None>
    <None Include="..\docs\arquitectura-actual\diagramas\04_secuencia_rutas.svg">
      <Filter>Tests\Architecture</Filter>
    </None>
    <None Include="..\docs\arquitectura-actual\diagramas\05_secuencia_solve.svg">
      <Filter>Tests\Architecture</Filter>
    </None>
    <None Include="..\docs\arquitectura-actual\Arquitectura_26-09-2026_MathOs_Sky.md">
      <Filter>Tests\Architecture</Filter>
    </None>
    <None Include="..\docs\arquitectura-actual\Arquitectura_26-09-2026_MathOs_Sky.pdf">
      <Filter>Tests\Architecture</Filter>
    </None>
  </ItemGroup>
</Project>